
Microsoft Visual Studio Solution File, Format Version 12.00
# Visual Studio Version 17
VisualStudioVersion = 17.9.34616.47
MinimumVisualStudioVersion = 10.0.40219.1
Project("{FAE04EC0-301F-11D3-BF4B-00C04F79EFBC}") = "Lesson20.1", "Lesson20.1\Lesson20.1.csproj", "{8EC6EEDD-53D4-43B0-A9C3-4CAEABAD1BE7}"
EndProject
Project("{FAE04EC0-301F-11D3-BF4B-00C04F79EFBC}") = "Lesson20.11", "Lesson20.11\Lesson20.11.csproj", "{629F8867-2069-4A7E-8CC9-6C0883C572B3}"
EndProject
Global
	GlobalSection(SolutionConfigurationPlatforms) = preSolution
		Debug|Any CPU = Debug|Any CPU
		Release|Any CPU = Release|Any CPU
	EndGlobalSection
	GlobalSection(ProjectConfigurationPlatforms) = postSolution
		{8EC6EEDD-53D4-43B0-A9C3-4CAEABAD1BE7}.Debug|Any CPU.ActiveCfg = Debug|Any CPU
		{8EC6EEDD-53D4-43B0-A9C3-4CAEABAD1BE7}.Debug|Any CPU.Build.0 = Debug|Any CPU
		{8EC6EEDD-53D4-43B0-A9C3-4CAEABAD1BE7}.Release|Any CPU.ActiveCfg = Release|Any CPU
		{8EC6EEDD-53D4-43B0-A9C3-4CAEABAD1BE7}.Release|Any CPU.Build.0 = Release|Any CPU
		{629F8867-2069-4A7E-8CC9-6C0883C572B3}.Debug|Any CPU.ActiveCfg = Debug|Any CPU
		{629F8867-2069-4A7E-8CC9-6C0883C572B3}.Debug|Any CPU.Build.0 = Debug|Any CPU
		{629F8867-2069-4A7E-8CC9-6C0883C572B3}.Release|Any CPU.ActiveCfg = Release|Any CPU
		{629F8867-2069-4A7E-8CC9-6C0883C572B3}.Release|Any CPU.Build.0 = Release|Any CPU
	EndGlobalSection
	GlobalSection(SolutionProperties) = preSolution
		HideSolutionNode = FALSE
	EndGlobalSection
	GlobalSection(ExtensibilityGlobals) = postSolution
		SolutionGuid = {319793C6-B13E-49C0-94AB-946F777755AC}
	EndGlobalSection
EndGlobal
